
Microsoft Visual Studio Solution File, Format Version 12.00
# Visual Studio Version 16
VisualStudioVersion = 16.0.31313.79
MinimumVisualStudioVersion = 10.0.40219.1
Project("{FAE04EC0-301F-11D3-BF4B-00C04F79EFBC}") = "CreditBrokerMvc", "CreditBrokerMvc\CreditBrokerMvc.csproj", "{26C2D82D-B505-423F-B480-D98294063BD0}"
EndProject
Global
	GlobalSection(SolutionConfigurationPlatforms) = preSolution
		Debug|Any CPU = Debug|Any CPU
		Release|Any CPU = Release|Any CPU
	EndGlobalSection
	GlobalSection(ProjectConfigurationPlatforms) = postSolution
		{26C2D82D-B505-423F-B480-D98294063BD0}.Debug|Any CPU.ActiveCfg = Debug|Any CPU
		{26C2D82D-B505-423F-B480-D98294063BD0}.Debug|Any CPU.Build.0 = Debug|Any CPU
		{26C2D82D-B505-423F-B480-D98294063BD0}.Release|Any CPU.ActiveCfg = Release|Any CPU
		{26C2D82D-B505-423F-B480-D98294063BD0}.Release|Any CPU.Build.0 = Release|Any CPU
	EndGlobalSection
	GlobalSection(SolutionProperties) = preSolution
		HideSolutionNode = FALSE
	EndGlobalSection
	GlobalSection(ExtensibilityGlobals) = postSolution
		SolutionGuid = {734F97D1-71DC-420F-AA9E-E3803E8C551C}
	EndGlobalSection
	GlobalSection(TeamFoundationVersionControl) = preSolution
		SccNumberOfProjects = 2
		SccEnterpriseProvider = {4CA58AB2-18FA-4F8D-95D4-32DDF27D184C}
		SccTeamFoundationServer = http://srv-msdev/software
		SccLocalPath0 = .
		SccProjectUniqueName1 = CreditBrokerMvc\\CreditBrokerMvc.csproj
		SccProjectName1 = CreditBrokerMvc
		SccLocalPath1 = CreditBrokerMvc
	EndGlobalSection
EndGlobal
